{
  "nodes": {
    "floorp-disable-lto": {
      "locked": {
        "lastModified": 1751758156,
        "narHash": "sha256-uSQym/NXvkWmyWESpJR8Zou0u6Idr5uFyGBSIM59hu4=",
        "owner": "NixOS",
        "repo": "nixpkgs",
        "rev": "87f6213006df821ac218d982d32fcb7cb9cef5e6",
        "type": "github"
      },
      "original": {
        "owner": "NixOS",
        "ref": "pull/422814/head",
        "repo": "nixpkgs",
        "type": "github"
      }
    },
    "home-manager": {
      "inputs": {
        "nixpkgs": [
          "nixpkgs"
        ]
      },
      "locked": {
        "lastModified": 1753888434,
        "narHash": "sha256-xQhSeLJVsxxkwchE4s6v1CnOI6YegCqeA1fgk/ivVI4=",
        "owner": "nix-community",
        "repo": "home-manager",
        "rev": "0630790b31d4547d79ff247bc3ba1adda3a017d9",
        "type": "github"
      },
      "original": {
        "owner": "nix-community",
        "repo": "home-manager",
        "type": "github"
      }
    },
    "nixpkgs": {
      "locked": {
        "lastModified": 1753694789,
        "narHash": "sha256-cKgvtz6fKuK1Xr5LQW/zOUiAC0oSQoA9nOISB0pJZqM=",
        "owner": "NixOS",
        "repo": "nixpkgs",
        "rev": "dc9637876d0dcc8c9e5e22986b857632effeb727",
        "type": "github"
      },
      "original": {
        "owner": "NixOS",
        "ref": "nixos-unstable",
        "repo": "nixpkgs",
        "type": "github"
      }
    },
    "root": {
      "inputs": {
        "floorp-disable-lto": "floorp-disable-lto",
        "home-manager": "home-manager",
        "nixpkgs": "nixpkgs"
      }
    }
  },
  "root": "root",
  "version": 7
}
