{
  "nodes": {
    "floorp-disable-lto": {
      "locked": {
        "lastModified": 1751758156,
        "narHash": "sha256-uSQym/NXvkWmyWESpJR8Zou0u6Idr5uFyGBSIM59hu4=",
        "owner": "NixOS",
        "repo": "nixpkgs",
        "rev": "87f6213006df821ac218d982d32fcb7cb9cef5e6",
        "type": "github"
      },
      "original": {
        "owner": "NixOS",
        "ref": "pull/422814/head",
        "repo": "nixpkgs",
        "type": "github"
      }
    },
    "home-manager": {
      "inputs": {
        "nixpkgs": [
          "nixpkgs"
        ]
      },
      "locked": {
        "lastModified": 1753180535,
        "narHash": "sha256-KEtlzMs2O7FDvciFtjk9W4hyau013Pj9qZNK9a0PxEc=",
        "owner": "nix-community",
        "repo": "home-manager",
        "rev": "847711c7ffa9944b0c5c39a8342ac8eb6a9f9abc",
        "type": "github"
      },
      "original": {
        "owner": "nix-community",
        "repo": "home-manager",
        "type": "github"
      }
    },
    "nixpkgs": {
      "locked": {
        "lastModified": 1752950548,
        "narHash": "sha256-NS6BLD0lxOrnCiEOcvQCDVPXafX1/ek1dfJHX1nUIzc=",
        "owner": "NixOS",
        "repo": "nixpkgs",
        "rev": "c87b95e25065c028d31a94f06a62927d18763fdf",
        "type": "github"
      },
      "original": {
        "owner": "NixOS",
        "ref": "nixos-unstable",
        "repo": "nixpkgs",
        "type": "github"
      }
    },
    "root": {
      "inputs": {
        "floorp-disable-lto": "floorp-disable-lto",
        "home-manager": "home-manager",
        "nixpkgs": "nixpkgs"
      }
    }
  },
  "root": "root",
  "version": 7
}
